
Microsoft Visual Studio Solution File, Format Version 12.00
# Visual Studio Version 16
VisualStudioVersion = 16.0.29102.190
MinimumVisualStudioVersion = 10.0.40219.1
Project("{FAE04EC0-301F-11D3-BF4B-00C04F79EFBC}") = "OnlineShoppingStore.Domain", "OnlineShoppingStore.Domain\OnlineShoppingStore.Domain.csproj", "{028C9904-DA91-446F-9F9F-E5E9E0A19E99}"
EndProject
Project("{FAE04EC0-301F-11D3-BF4B-00C04F79EFBC}") = "OnlineShoppingstore.WebUI", "OnlineShoppingstore.WebUI\OnlineShoppingstore.WebUI.csproj", "{06F47990-C799-40D6-823F-CE217B199EB8}"
EndProject
Global
	GlobalSection(SolutionConfigurationPlatforms) = preSolution
		Debug|Any CPU = Debug|Any CPU
		Release|Any CPU = Release|Any CPU
	EndGlobalSection
	GlobalSection(ProjectConfigurationPlatforms) = postSolution
		{028C9904-DA91-446F-9F9F-E5E9E0A19E99}.Debug|Any CPU.ActiveCfg = Debug|Any CPU
		{028C9904-DA91-446F-9F9F-E5E9E0A19E99}.Debug|Any CPU.Build.0 = Debug|Any CPU
		{028C9904-DA91-446F-9F9F-E5E9E0A19E99}.Release|Any CPU.ActiveCfg = Release|Any CPU
		{028C9904-DA91-446F-9F9F-E5E9E0A19E99}.Release|Any CPU.Build.0 = Release|Any CPU
		{06F47990-C799-40D6-823F-CE217B199EB8}.Debug|Any CPU.ActiveCfg = Debug|Any CPU
		{06F47990-C799-40D6-823F-CE217B199EB8}.Debug|Any CPU.Build.0 = Debug|Any CPU
		{06F47990-C799-40D6-823F-CE217B199EB8}.Release|Any CPU.ActiveCfg = Release|Any CPU
		{06F47990-C799-40D6-823F-CE217B199EB8}.Release|Any CPU.Build.0 = Release|Any CPU
	EndGlobalSection
	GlobalSection(SolutionProperties) = preSolution
		HideSolutionNode = FALSE
	EndGlobalSection
	GlobalSection(ExtensibilityGlobals) = postSolution
		SolutionGuid = {3B5776A4-66A6-4C43-8CAF-F5DC69D9F7AB}
	EndGlobalSection
EndGlobal
